{
  "version": 4,
  "terraform_version": "1.3.3",
  "serial": 163,
  "lineage": "43da534a-a448-8d29-550e-45b98efd51ed",
  "outputs": {
    "myapp-server-Vnet1": {
      "value": "/subscriptions/633eddfa-f7c2-44b8-b14e-49011d7261b7/resourceGroups/myapp/providers/Microsoft.Compute/virtualMachines/myapp-server-Vnet1",
      "type": "string"
    },
    "myapp-server-Vnet2": {
      "value": "/subscriptions/633eddfa-f7c2-44b8-b14e-49011d7261b7/resourceGroups/myapp/providers/Microsoft.Compute/virtualMachines/myapp-server-Vnet2",
      "type": "string"
    }
  },
  "resources": [
    {
      "mode": "managed",
      "type": "azurerm_linux_virtual_machine",
      "name": "myapp-server-Vnet1",
      "provider": "provider[\"registry.terraform.io/hashicorp/azurerm\"]",
      "instances": [
        {
          "schema_version": 0,
          "attributes": {
            "additional_capabilities": [],
            "admin_password": "Azayaore08376",
            "admin_ssh_key": [],
            "admin_username": "rastarure",
            "allow_extension_operations": true,
            "availability_set_id": "",
            "boot_diagnostics": [],
            "computer_name": "myapp-server-Vnet1",
            "custom_data": null,
            "dedicated_host_group_id": "",
            "dedicated_host_id": "",
            "disable_password_authentication": false,
            "edge_zone": "",
            "encryption_at_host_enabled": false,
            "eviction_policy": "",
            "extensions_time_budget": "PT1H30M",
            "id": "/subscriptions/633eddfa-f7c2-44b8-b14e-49011d7261b7/resourceGroups/myapp/providers/Microsoft.Compute/virtualMachines/myapp-server-Vnet1",
            "identity": [],
            "license_type": "",
            "location": "japaneast",
            "max_bid_price": -1,
            "name": "myapp-server-Vnet1",
            "network_interface_ids": [
              "/subscriptions/633eddfa-f7c2-44b8-b14e-49011d7261b7/resourceGroups/myapp/providers/Microsoft.Network/networkInterfaces/myapp-nic-1-Vnet"
            ],
            "os_disk": [
              {
                "caching": "ReadWrite",
                "diff_disk_settings": [],
                "disk_encryption_set_id": "",
                "disk_size_gb": 30,
                "name": "myapp-server-Vnet1_disk1_f9c3a76cee0947b1b2b7cd09b303dea6",
                "storage_account_type": "Standard_LRS",
                "write_accelerator_enabled": false
              }
            ],
            "patch_mode": "ImageDefault",
            "plan": [],
            "platform_fault_domain": -1,
            "priority": "Regular",
            "private_ip_address": "10.0.0.4",
            "private_ip_addresses": [
              "10.0.0.4"
            ],
            "provision_vm_agent": true,
            "proximity_placement_group_id": "",
            "public_ip_address": "40.115.199.33",
            "public_ip_addresses": [
              "40.115.199.33"
            ],
            "resource_group_name": "myapp",
            "secret": [],
            "secure_boot_enabled": false,
            "size": "Standard_B1s",
            "source_image_id": "",
            "source_image_reference": [
              {
                "offer": "UbuntuServer",
                "publisher": "Canonical",
                "sku": "18.04-LTS",
                "version": "latest"
              }
            ],
            "tags": {},
            "termination_notification": [],
            "timeouts": null,
            "user_data": "",
            "virtual_machine_id": "58055d49-6869-4c12-80dc-0616db8094ad",
            "virtual_machine_scale_set_id": "",
            "vtpm_enabled": false,
            "zone": ""
          },
          "sensitive_attributes": [],
          "private": "eyJlMmJmYjczMC1lY2FhLTExZTYtOGY4OC0zNDM2M2JjN2M0YzAiOnsiY3JlYXRlIjoyNzAwMDAwMDAwMDAwLCJkZWxldGUiOjI3MDAwMDAwMDAwMDAsInJlYWQiOjMwMDAwMDAwMDAwMCwidXBkYXRlIjoyNzAwMDAwMDAwMDAwfX0=",
          "dependencies": [
            "azurerm_network_interface.myapp-nic-1-Vnet",
            "azurerm_public_ip.myapp-public-ip-1-Vnet",
            "azurerm_resource_group.myapp",
            "azurerm_subnet.myapp-subnet-1",
            "azurerm_virtual_network.myapp-1-Vnet"
          ]
        }
      ]
    },
    {
      "mode": "managed",
      "type": "azurerm_linux_virtual_machine",
      "name": "myapp-server-Vnet2",
      "provider": "provider[\"registry.terraform.io/hashicorp/azurerm\"]",
      "instances": [
        {
          "schema_version": 0,
          "attributes": {
            "additional_capabilities": [],
            "admin_password": "Azayaore08376",
            "admin_ssh_key": [],
            "admin_username": "rastarure",
            "allow_extension_operations": true,
            "availability_set_id": "",
            "boot_diagnostics": [],
            "computer_name": "myapp-server-Vnet2",
            "custom_data": null,
            "dedicated_host_group_id": "",
            "dedicated_host_id": "",
            "disable_password_authentication": false,
            "edge_zone": "",
            "encryption_at_host_enabled": false,
            "eviction_policy": "",
            "extensions_time_budget": "PT1H30M",
            "id": "/subscriptions/633eddfa-f7c2-44b8-b14e-49011d7261b7/resourceGroups/myapp/providers/Microsoft.Compute/virtualMachines/myapp-server-Vnet2",
            "identity": [],
            "license_type": "",
            "location": "japaneast",
            "max_bid_price": -1,
            "name": "myapp-server-Vnet2",
            "network_interface_ids": [
              "/subscriptions/633eddfa-f7c2-44b8-b14e-49011d7261b7/resourceGroups/myapp/providers/Microsoft.Network/networkInterfaces/myapp-nic-2-Vnet"
            ],
            "os_disk": [
              {
                "caching": "ReadWrite",
                "diff_disk_settings": [],
                "disk_encryption_set_id": "",
                "disk_size_gb": 30,
                "name": "myapp-server-Vnet2_OsDisk_1_71875ad891d343a4a8a8a51f77c283ae",
                "storage_account_type": "Standard_LRS",
                "write_accelerator_enabled": false
              }
            ],
            "patch_mode": "ImageDefault",
            "plan": [],
            "platform_fault_domain": -1,
            "priority": "Regular",
            "private_ip_address": "10.0.1.4",
            "private_ip_addresses": [
              "10.0.1.4"
            ],
            "provision_vm_agent": true,
            "proximity_placement_group_id": "",
            "public_ip_address": "20.222.144.20",
            "public_ip_addresses": [
              "20.222.144.20"
            ],
            "resource_group_name": "myapp",
            "secret": [],
            "secure_boot_enabled": false,
            "size": "Standard_B1s",
            "source_image_id": "",
            "source_image_reference": [
              {
                "offer": "UbuntuServer",
                "publisher": "Canonical",
                "sku": "18.04-LTS",
                "version": "latest"
              }
            ],
            "tags": {},
            "termination_notification": [],
            "timeouts": null,
            "user_data": "",
            "virtual_machine_id": "b366dfb3-31b5-4df5-aab2-95781b474931",
            "virtual_machine_scale_set_id": "",
            "vtpm_enabled": false,
            "zone": ""
          },
          "sensitive_attributes": [],
          "private": "eyJlMmJmYjczMC1lY2FhLTExZTYtOGY4OC0zNDM2M2JjN2M0YzAiOnsiY3JlYXRlIjoyNzAwMDAwMDAwMDAwLCJkZWxldGUiOjI3MDAwMDAwMDAwMDAsInJlYWQiOjMwMDAwMDAwMDAwMCwidXBkYXRlIjoyNzAwMDAwMDAwMDAwfX0=",
          "dependencies": [
            "azurerm_network_interface.myapp-nic-2-Vnet",
            "azurerm_public_ip.myapp-public-ip-2-Vnet",
            "azurerm_resource_group.myapp",
            "azurerm_subnet.myapp-subnet-2",
            "azurerm_virtual_network.myapp-2-Vnet"
          ]
        }
      ]
    },
    {
      "mode": "managed",
      "type": "azurerm_network_interface",
      "name": "myapp-nic-1-Vnet",
      "provider": "provider[\"registry.terraform.io/hashicorp/azurerm\"]",
      "instances": [
        {
          "schema_version": 0,
          "attributes": {
            "applied_dns_servers": [],
            "dns_servers": [],
            "edge_zone": "",
            "enable_accelerated_networking": false,
            "enable_ip_forwarding": false,
            "id": "/subscriptions/633eddfa-f7c2-44b8-b14e-49011d7261b7/resourceGroups/myapp/providers/Microsoft.Network/networkInterfaces/myapp-nic-1-Vnet",
            "internal_dns_name_label": "",
            "internal_domain_name_suffix": "d02wtsnifw0ubkryyynzd3s0sg.lx.internal.cloudapp.net",
            "ip_configuration": [
              {
                "gateway_load_balancer_frontend_ip_configuration_id": "",
                "name": "internal",
                "primary": true,
                "private_ip_address": "10.0.0.4",
                "private_ip_address_allocation": "Dynamic",
                "private_ip_address_version": "IPv4",
                "public_ip_address_id": "/subscriptions/633eddfa-f7c2-44b8-b14e-49011d7261b7/resourceGroups/myapp/providers/Microsoft.Network/publicIPAddresses/myap-public-ip-1-Vnet",
                "subnet_id": "/subscriptions/633eddfa-f7c2-44b8-b14e-49011d7261b7/resourceGroups/myapp/providers/Microsoft.Network/virtualNetworks/myapp-1-Vnet/subnets/internal"
              }
            ],
            "location": "japaneast",
            "mac_address": "00-22-48-67-FA-85",
            "name": "myapp-nic-1-Vnet",
            "private_ip_address": "10.0.0.4",
            "private_ip_addresses": [
              "10.0.0.4"
            ],
            "resource_group_name": "myapp",
            "tags": {},
            "timeouts": null,
            "virtual_machine_id": "/subscriptions/633eddfa-f7c2-44b8-b14e-49011d7261b7/resourceGroups/myapp/providers/Microsoft.Compute/virtualMachines/myapp-server-Vnet1"
          },
          "sensitive_attributes": [],
          "private": "eyJlMmJmYjczMC1lY2FhLTExZTYtOGY4OC0zNDM2M2JjN2M0YzAiOnsiY3JlYXRlIjoxODAwMDAwMDAwMDAwLCJkZWxldGUiOjE4MDAwMDAwMDAwMDAsInJlYWQiOjMwMDAwMDAwMDAwMCwidXBkYXRlIjoxODAwMDAwMDAwMDAwfX0=",
          "dependencies": [
            "azurerm_public_ip.myapp-public-ip-1-Vnet",
            "azurerm_resource_group.myapp",
            "azurerm_subnet.myapp-subnet-1",
            "azurerm_virtual_network.myapp-1-Vnet"
          ]
        }
      ]
    },
    {
      "mode": "managed",
      "type": "azurerm_network_interface",
      "name": "myapp-nic-2-Vnet",
      "provider": "provider[\"registry.terraform.io/hashicorp/azurerm\"]",
      "instances": [
        {
          "schema_version": 0,
          "attributes": {
            "applied_dns_servers": [],
            "dns_servers": [],
            "edge_zone": "",
            "enable_accelerated_networking": false,
            "enable_ip_forwarding": false,
            "id": "/subscriptions/633eddfa-f7c2-44b8-b14e-49011d7261b7/resourceGroups/myapp/providers/Microsoft.Network/networkInterfaces/myapp-nic-2-Vnet",
            "internal_dns_name_label": "",
            "internal_domain_name_suffix": "pz0ebcd2eraulk2lrsyibb0ope.lx.internal.cloudapp.net",
            "ip_configuration": [
              {
                "gateway_load_balancer_frontend_ip_configuration_id": "",
                "name": "internal",
                "primary": true,
                "private_ip_address": "10.0.1.4",
                "private_ip_address_allocation": "Dynamic",
                "private_ip_address_version": "IPv4",
                "public_ip_address_id": "/subscriptions/633eddfa-f7c2-44b8-b14e-49011d7261b7/resourceGroups/myapp/providers/Microsoft.Network/publicIPAddresses/myap-public-ip-2-Vnet",
                "subnet_id": "/subscriptions/633eddfa-f7c2-44b8-b14e-49011d7261b7/resourceGroups/myapp/providers/Microsoft.Network/virtualNetworks/myapp-2-Vnet/subnets/internal"
              }
            ],
            "location": "japaneast",
            "mac_address": "00-22-48-67-D9-C7",
            "name": "myapp-nic-2-Vnet",
            "private_ip_address": "10.0.1.4",
            "private_ip_addresses": [
              "10.0.1.4"
            ],
            "resource_group_name": "myapp",
            "tags": {},
            "timeouts": null,
            "virtual_machine_id": "/subscriptions/633eddfa-f7c2-44b8-b14e-49011d7261b7/resourceGroups/myapp/providers/Microsoft.Compute/virtualMachines/myapp-server-Vnet2"
          },
          "sensitive_attributes": [],
          "private": "eyJlMmJmYjczMC1lY2FhLTExZTYtOGY4OC0zNDM2M2JjN2M0YzAiOnsiY3JlYXRlIjoxODAwMDAwMDAwMDAwLCJkZWxldGUiOjE4MDAwMDAwMDAwMDAsInJlYWQiOjMwMDAwMDAwMDAwMCwidXBkYXRlIjoxODAwMDAwMDAwMDAwfX0=",
          "dependencies": [
            "azurerm_public_ip.myapp-public-ip-2-Vnet",
            "azurerm_resource_group.myapp",
            "azurerm_subnet.myapp-subnet-2",
            "azurerm_virtual_network.myapp-2-Vnet"
          ]
        }
      ]
    },
    {
      "mode": "managed",
      "type": "azurerm_network_security_group",
      "name": "myapp-sg",
      "provider": "provider[\"registry.terraform.io/hashicorp/azurerm\"]",
      "instances": [
        {
          "schema_version": 0,
          "attributes": {
            "id": "/subscriptions/633eddfa-f7c2-44b8-b14e-49011d7261b7/resourceGroups/myapp/providers/Microsoft.Network/networkSecurityGroups/myapp-sg-1-Vnet",
            "location": "japaneast",
            "name": "myapp-sg-1-Vnet",
            "resource_group_name": "myapp",
            "security_rule": [
              {
                "access": "Allow",
                "description": "",
                "destination_address_prefix": "*",
                "destination_address_prefixes": [],
                "destination_application_security_group_ids": [],
                "destination_port_range": "*",
                "destination_port_ranges": [],
                "direction": "Inbound",
                "name": "test123",
                "priority": 100,
                "protocol": "Tcp",
                "source_address_prefix": "*",
                "source_address_prefixes": [],
                "source_application_security_group_ids": [],
                "source_port_range": "*",
                "source_port_ranges": []
              }
            ],
            "tags": {
              "environment": "Dev"
            },
            "timeouts": null
          },
          "sensitive_attributes": [],
          "private": "eyJlMmJmYjczMC1lY2FhLTExZTYtOGY4OC0zNDM2M2JjN2M0YzAiOnsiY3JlYXRlIjoxODAwMDAwMDAwMDAwLCJkZWxldGUiOjE4MDAwMDAwMDAwMDAsInJlYWQiOjMwMDAwMDAwMDAwMCwidXBkYXRlIjoxODAwMDAwMDAwMDAwfX0=",
          "dependencies": [
            "azurerm_resource_group.myapp"
          ]
        }
      ]
    },
    {
      "mode": "managed",
      "type": "azurerm_network_security_group",
      "name": "myapp-sg-2-Vnet",
      "provider": "provider[\"registry.terraform.io/hashicorp/azurerm\"]",
      "instances": [
        {
          "schema_version": 0,
          "attributes": {
            "id": "/subscriptions/633eddfa-f7c2-44b8-b14e-49011d7261b7/resourceGroups/myapp/providers/Microsoft.Network/networkSecurityGroups/myapp-sg-2-Vnet",
            "location": "japaneast",
            "name": "myapp-sg-2-Vnet",
            "resource_group_name": "myapp",
            "security_rule": [
              {
                "access": "Allow",
                "description": "",
                "destination_address_prefix": "*",
                "destination_address_prefixes": [],
                "destination_application_security_group_ids": [],
                "destination_port_range": "*",
                "destination_port_ranges": [],
                "direction": "Inbound",
                "name": "test123",
                "priority": 100,
                "protocol": "Tcp",
                "source_address_prefix": "*",
                "source_address_prefixes": [],
                "source_application_security_group_ids": [],
                "source_port_range": "*",
                "source_port_ranges": []
              }
            ],
            "tags": {
              "environment": "Dev"
            },
            "timeouts": null
          },
          "sensitive_attributes": [],
          "private": "eyJlMmJmYjczMC1lY2FhLTExZTYtOGY4OC0zNDM2M2JjN2M0YzAiOnsiY3JlYXRlIjoxODAwMDAwMDAwMDAwLCJkZWxldGUiOjE4MDAwMDAwMDAwMDAsInJlYWQiOjMwMDAwMDAwMDAwMCwidXBkYXRlIjoxODAwMDAwMDAwMDAwfX0=",
          "dependencies": [
            "azurerm_resource_group.myapp"
          ]
        }
      ]
    },
    {
      "mode": "managed",
      "type": "azurerm_public_ip",
      "name": "myapp-public-ip-1-Vnet",
      "provider": "provider[\"registry.terraform.io/hashicorp/azurerm\"]",
      "instances": [
        {
          "schema_version": 0,
          "attributes": {
            "allocation_method": "Static",
            "domain_name_label": null,
            "edge_zone": "",
            "fqdn": null,
            "id": "/subscriptions/633eddfa-f7c2-44b8-b14e-49011d7261b7/resourceGroups/myapp/providers/Microsoft.Network/publicIPAddresses/myap-public-ip-1-Vnet",
            "idle_timeout_in_minutes": 4,
            "ip_address": "40.115.199.33",
            "ip_tags": {},
            "ip_version": "IPv4",
            "location": "japaneast",
            "name": "myap-public-ip-1-Vnet",
            "public_ip_prefix_id": null,
            "resource_group_name": "myapp",
            "reverse_fqdn": null,
            "sku": "Basic",
            "sku_tier": "Regional",
            "tags": {
              "environment": "Dev"
            },
            "timeouts": null,
            "zones": []
          },
          "sensitive_attributes": [],
          "private": "eyJlMmJmYjczMC1lY2FhLTExZTYtOGY4OC0zNDM2M2JjN2M0YzAiOnsiY3JlYXRlIjoxODAwMDAwMDAwMDAwLCJkZWxldGUiOjE4MDAwMDAwMDAwMDAsInJlYWQiOjMwMDAwMDAwMDAwMCwidXBkYXRlIjoxODAwMDAwMDAwMDAwfX0=",
          "dependencies": [
            "azurerm_resource_group.myapp"
          ]
        }
      ]
    },
    {
      "mode": "managed",
      "type": "azurerm_public_ip",
      "name": "myapp-public-ip-2-Vnet",
      "provider": "provider[\"registry.terraform.io/hashicorp/azurerm\"]",
      "instances": [
        {
          "schema_version": 0,
          "attributes": {
            "allocation_method": "Static",
            "domain_name_label": null,
            "edge_zone": "",
            "fqdn": null,
            "id": "/subscriptions/633eddfa-f7c2-44b8-b14e-49011d7261b7/resourceGroups/myapp/providers/Microsoft.Network/publicIPAddresses/myap-public-ip-2-Vnet",
            "idle_timeout_in_minutes": 4,
            "ip_address": "20.222.144.20",
            "ip_tags": {},
            "ip_version": "IPv4",
            "location": "japaneast",
            "name": "myap-public-ip-2-Vnet",
            "public_ip_prefix_id": null,
            "resource_group_name": "myapp",
            "reverse_fqdn": null,
            "sku": "Basic",
            "sku_tier": "Regional",
            "tags": {
              "environment": "Dev"
            },
            "timeouts": null,
            "zones": []
          },
          "sensitive_attributes": [],
          "private": "eyJlMmJmYjczMC1lY2FhLTExZTYtOGY4OC0zNDM2M2JjN2M0YzAiOnsiY3JlYXRlIjoxODAwMDAwMDAwMDAwLCJkZWxldGUiOjE4MDAwMDAwMDAwMDAsInJlYWQiOjMwMDAwMDAwMDAwMCwidXBkYXRlIjoxODAwMDAwMDAwMDAwfX0=",
          "dependencies": [
            "azurerm_resource_group.myapp"
          ]
        }
      ]
    },
    {
      "mode": "managed",
      "type": "azurerm_resource_group",
      "name": "myapp",
      "provider": "provider[\"registry.terraform.io/hashicorp/azurerm\"]",
      "instances": [
        {
          "schema_version": 0,
          "attributes": {
            "id": "/subscriptions/633eddfa-f7c2-44b8-b14e-49011d7261b7/resourceGroups/myapp",
            "location": "japaneast",
            "name": "myapp",
            "tags": {},
            "timeouts": null
          },
          "sensitive_attributes": [],
          "private": "eyJlMmJmYjczMC1lY2FhLTExZTYtOGY4OC0zNDM2M2JjN2M0YzAiOnsiY3JlYXRlIjo1NDAwMDAwMDAwMDAwLCJkZWxldGUiOjU0MDAwMDAwMDAwMDAsInJlYWQiOjMwMDAwMDAwMDAwMCwidXBkYXRlIjo1NDAwMDAwMDAwMDAwfX0="
        }
      ]
    },
    {
      "mode": "managed",
      "type": "azurerm_subnet",
      "name": "myapp-subnet-1",
      "provider": "provider[\"registry.terraform.io/hashicorp/azurerm\"]",
      "instances": [
        {
          "schema_version": 0,
          "attributes": {
            "address_prefixes": [
              "10.0.0.0/24"
            ],
            "delegation": [],
            "enforce_private_link_endpoint_network_policies": false,
            "enforce_private_link_service_network_policies": false,
            "id": "/subscriptions/633eddfa-f7c2-44b8-b14e-49011d7261b7/resourceGroups/myapp/providers/Microsoft.Network/virtualNetworks/myapp-1-Vnet/subnets/internal",
            "name": "internal",
            "resource_group_name": "myapp",
            "service_endpoint_policy_ids": [],
            "service_endpoints": [],
            "timeouts": null,
            "virtual_network_name": "myapp-1-Vnet"
          },
          "sensitive_attributes": [],
          "private": "eyJlMmJmYjczMC1lY2FhLTExZTYtOGY4OC0zNDM2M2JjN2M0YzAiOnsiY3JlYXRlIjoxODAwMDAwMDAwMDAwLCJkZWxldGUiOjE4MDAwMDAwMDAwMDAsInJlYWQiOjMwMDAwMDAwMDAwMCwidXBkYXRlIjoxODAwMDAwMDAwMDAwfX0=",
          "dependencies": [
            "azurerm_resource_group.myapp",
            "azurerm_virtual_network.myapp-1-Vnet"
          ]
        }
      ]
    },
    {
      "mode": "managed",
      "type": "azurerm_subnet",
      "name": "myapp-subnet-2",
      "provider": "provider[\"registry.terraform.io/hashicorp/azurerm\"]",
      "instances": [
        {
          "schema_version": 0,
          "attributes": {
            "address_prefixes": [
              "10.0.1.0/24"
            ],
            "delegation": [],
            "enforce_private_link_endpoint_network_policies": false,
            "enforce_private_link_service_network_policies": false,
            "id": "/subscriptions/633eddfa-f7c2-44b8-b14e-49011d7261b7/resourceGroups/myapp/providers/Microsoft.Network/virtualNetworks/myapp-2-Vnet/subnets/internal",
            "name": "internal",
            "resource_group_name": "myapp",
            "service_endpoint_policy_ids": [],
            "service_endpoints": [],
            "timeouts": null,
            "virtual_network_name": "myapp-2-Vnet"
          },
          "sensitive_attributes": [],
          "private": "eyJlMmJmYjczMC1lY2FhLTExZTYtOGY4OC0zNDM2M2JjN2M0YzAiOnsiY3JlYXRlIjoxODAwMDAwMDAwMDAwLCJkZWxldGUiOjE4MDAwMDAwMDAwMDAsInJlYWQiOjMwMDAwMDAwMDAwMCwidXBkYXRlIjoxODAwMDAwMDAwMDAwfX0=",
          "dependencies": [
            "azurerm_resource_group.myapp",
            "azurerm_virtual_network.myapp-2-Vnet"
          ]
        }
      ]
    },
    {
      "mode": "managed",
      "type": "azurerm_subnet_network_security_group_association",
      "name": "associate-nsg-subnet-1",
      "provider": "provider[\"registry.terraform.io/hashicorp/azurerm\"]",
      "instances": [
        {
          "schema_version": 0,
          "attributes": {
            "id": "/subscriptions/633eddfa-f7c2-44b8-b14e-49011d7261b7/resourceGroups/myapp/providers/Microsoft.Network/virtualNetworks/myapp-1-Vnet/subnets/internal",
            "network_security_group_id": "/subscriptions/633eddfa-f7c2-44b8-b14e-49011d7261b7/resourceGroups/myapp/providers/Microsoft.Network/networkSecurityGroups/myapp-sg-1-Vnet",
            "subnet_id": "/subscriptions/633eddfa-f7c2-44b8-b14e-49011d7261b7/resourceGroups/myapp/providers/Microsoft.Network/virtualNetworks/myapp-1-Vnet/subnets/internal",
            "timeouts": null
          },
          "sensitive_attributes": [],
          "private": "eyJlMmJmYjczMC1lY2FhLTExZTYtOGY4OC0zNDM2M2JjN2M0YzAiOnsiY3JlYXRlIjoxODAwMDAwMDAwMDAwLCJkZWxldGUiOjE4MDAwMDAwMDAwMDAsInJlYWQiOjMwMDAwMDAwMDAwMCwidXBkYXRlIjoxODAwMDAwMDAwMDAwfX0=",
          "dependencies": [
            "azurerm_network_security_group.myapp-sg",
            "azurerm_resource_group.myapp",
            "azurerm_subnet.myapp-subnet-1",
            "azurerm_virtual_network.myapp-1-Vnet"
          ]
        }
      ]
    },
    {
      "mode": "managed",
      "type": "azurerm_subnet_network_security_group_association",
      "name": "associate-nsg-subnet2",
      "provider": "provider[\"registry.terraform.io/hashicorp/azurerm\"]",
      "instances": [
        {
          "schema_version": 0,
          "attributes": {
            "id": "/subscriptions/633eddfa-f7c2-44b8-b14e-49011d7261b7/resourceGroups/myapp/providers/Microsoft.Network/virtualNetworks/myapp-2-Vnet/subnets/internal",
            "network_security_group_id": "/subscriptions/633eddfa-f7c2-44b8-b14e-49011d7261b7/resourceGroups/myapp/providers/Microsoft.Network/networkSecurityGroups/myapp-sg-2-Vnet",
            "subnet_id": "/subscriptions/633eddfa-f7c2-44b8-b14e-49011d7261b7/resourceGroups/myapp/providers/Microsoft.Network/virtualNetworks/myapp-2-Vnet/subnets/internal",
            "timeouts": null
          },
          "sensitive_attributes": [],
          "private": "eyJlMmJmYjczMC1lY2FhLTExZTYtOGY4OC0zNDM2M2JjN2M0YzAiOnsiY3JlYXRlIjoxODAwMDAwMDAwMDAwLCJkZWxldGUiOjE4MDAwMDAwMDAwMDAsInJlYWQiOjMwMDAwMDAwMDAwMCwidXBkYXRlIjoxODAwMDAwMDAwMDAwfX0=",
          "dependencies": [
            "azurerm_network_security_group.myapp-sg-2-Vnet",
            "azurerm_resource_group.myapp",
            "azurerm_subnet.myapp-subnet-2",
            "azurerm_virtual_network.myapp-2-Vnet"
          ]
        }
      ]
    },
    {
      "mode": "managed",
      "type": "azurerm_virtual_network",
      "name": "myapp-1-Vnet",
      "provider": "provider[\"registry.terraform.io/hashicorp/azurerm\"]",
      "instances": [
        {
          "schema_version": 0,
          "attributes": {
            "address_space": [
              "10.0.0.0/24"
            ],
            "bgp_community": "",
            "ddos_protection_plan": [],
            "dns_servers": [],
            "edge_zone": "",
            "flow_timeout_in_minutes": 0,
            "guid": "c969b91e-2da8-40b5-aa38-c61b91f65a96",
            "id": "/subscriptions/633eddfa-f7c2-44b8-b14e-49011d7261b7/resourceGroups/myapp/providers/Microsoft.Network/virtualNetworks/myapp-1-Vnet",
            "location": "japaneast",
            "name": "myapp-1-Vnet",
            "resource_group_name": "myapp",
            "subnet": [
              {
                "address_prefix": "10.0.0.0/24",
                "id": "/subscriptions/633eddfa-f7c2-44b8-b14e-49011d7261b7/resourceGroups/myapp/providers/Microsoft.Network/virtualNetworks/myapp-1-Vnet/subnets/internal",
                "name": "internal",
                "security_group": "/subscriptions/633eddfa-f7c2-44b8-b14e-49011d7261b7/resourceGroups/myapp/providers/Microsoft.Network/networkSecurityGroups/myapp-sg-1-Vnet"
              }
            ],
            "tags": {},
            "timeouts": null
          },
          "sensitive_attributes": [],
          "private": "eyJlMmJmYjczMC1lY2FhLTExZTYtOGY4OC0zNDM2M2JjN2M0YzAiOnsiY3JlYXRlIjoxODAwMDAwMDAwMDAwLCJkZWxldGUiOjE4MDAwMDAwMDAwMDAsInJlYWQiOjMwMDAwMDAwMDAwMCwidXBkYXRlIjoxODAwMDAwMDAwMDAwfX0=",
          "dependencies": [
            "azurerm_resource_group.myapp"
          ]
        }
      ]
    },
    {
      "mode": "managed",
      "type": "azurerm_virtual_network",
      "name": "myapp-2-Vnet",
      "provider": "provider[\"registry.terraform.io/hashicorp/azurerm\"]",
      "instances": [
        {
          "schema_version": 0,
          "attributes": {
            "address_space": [
              "10.0.1.0/24"
            ],
            "bgp_community": "",
            "ddos_protection_plan": [],
            "dns_servers": [],
            "edge_zone": "",
            "flow_timeout_in_minutes": 0,
            "guid": "8840747e-247c-4541-ab8b-8cb080874e7c",
            "id": "/subscriptions/633eddfa-f7c2-44b8-b14e-49011d7261b7/resourceGroups/myapp/providers/Microsoft.Network/virtualNetworks/myapp-2-Vnet",
            "location": "japaneast",
            "name": "myapp-2-Vnet",
            "resource_group_name": "myapp",
            "subnet": [
              {
                "address_prefix": "10.0.1.0/24",
                "id": "/subscriptions/633eddfa-f7c2-44b8-b14e-49011d7261b7/resourceGroups/myapp/providers/Microsoft.Network/virtualNetworks/myapp-2-Vnet/subnets/internal",
                "name": "internal",
                "security_group": "/subscriptions/633eddfa-f7c2-44b8-b14e-49011d7261b7/resourceGroups/myapp/providers/Microsoft.Network/networkSecurityGroups/myapp-sg-2-Vnet"
              }
            ],
            "tags": {},
            "timeouts": null
          },
          "sensitive_attributes": [],
          "private": "eyJlMmJmYjczMC1lY2FhLTExZTYtOGY4OC0zNDM2M2JjN2M0YzAiOnsiY3JlYXRlIjoxODAwMDAwMDAwMDAwLCJkZWxldGUiOjE4MDAwMDAwMDAwMDAsInJlYWQiOjMwMDAwMDAwMDAwMCwidXBkYXRlIjoxODAwMDAwMDAwMDAwfX0=",
          "dependencies": [
            "azurerm_resource_group.myapp"
          ]
        }
      ]
    },
    {
      "mode": "managed",
      "type": "azurerm_virtual_network_peering",
      "name": "peer-myapp-1to2",
      "provider": "provider[\"registry.terraform.io/hashicorp/azurerm\"]",
      "instances": [
        {
          "schema_version": 0,
          "attributes": {
            "allow_forwarded_traffic": false,
            "allow_gateway_transit": false,
            "allow_virtual_network_access": true,
            "id": "/subscriptions/633eddfa-f7c2-44b8-b14e-49011d7261b7/resourceGroups/myapp/providers/Microsoft.Network/virtualNetworks/myapp-1-Vnet/virtualNetworkPeerings/peer-myapp-1to2",
            "name": "peer-myapp-1to2",
            "remote_virtual_network_id": "/subscriptions/633eddfa-f7c2-44b8-b14e-49011d7261b7/resourceGroups/myapp/providers/Microsoft.Network/virtualNetworks/myapp-2-Vnet",
            "resource_group_name": "myapp",
            "timeouts": null,
            "use_remote_gateways": false,
            "virtual_network_name": "myapp-1-Vnet"
          },
          "sensitive_attributes": [],
          "private": "eyJlMmJmYjczMC1lY2FhLTExZTYtOGY4OC0zNDM2M2JjN2M0YzAiOnsiY3JlYXRlIjoxODAwMDAwMDAwMDAwLCJkZWxldGUiOjE4MDAwMDAwMDAwMDAsInJlYWQiOjMwMDAwMDAwMDAwMCwidXBkYXRlIjoxODAwMDAwMDAwMDAwfX0=",
          "dependencies": [
            "azurerm_resource_group.myapp",
            "azurerm_virtual_network.myapp-1-Vnet",
            "azurerm_virtual_network.myapp-2-Vnet"
          ]
        }
      ]
    },
    {
      "mode": "managed",
      "type": "azurerm_virtual_network_peering",
      "name": "peer-myapp-2to1",
      "provider": "provider[\"registry.terraform.io/hashicorp/azurerm\"]",
      "instances": [
        {
          "schema_version": 0,
          "attributes": {
            "allow_forwarded_traffic": false,
            "allow_gateway_transit": false,
            "allow_virtual_network_access": true,
            "id": "/subscriptions/633eddfa-f7c2-44b8-b14e-49011d7261b7/resourceGroups/myapp/providers/Microsoft.Network/virtualNetworks/myapp-2-Vnet/virtualNetworkPeerings/peer-myapp-2to1",
            "name": "peer-myapp-2to1",
            "remote_virtual_network_id": "/subscriptions/633eddfa-f7c2-44b8-b14e-49011d7261b7/resourceGroups/myapp/providers/Microsoft.Network/virtualNetworks/myapp-1-Vnet",
            "resource_group_name": "myapp",
            "timeouts": null,
            "use_remote_gateways": false,
            "virtual_network_name": "myapp-2-Vnet"
          },
          "sensitive_attributes": [],
          "private": "eyJlMmJmYjczMC1lY2FhLTExZTYtOGY4OC0zNDM2M2JjN2M0YzAiOnsiY3JlYXRlIjoxODAwMDAwMDAwMDAwLCJkZWxldGUiOjE4MDAwMDAwMDAwMDAsInJlYWQiOjMwMDAwMDAwMDAwMCwidXBkYXRlIjoxODAwMDAwMDAwMDAwfX0=",
          "dependencies": [
            "azurerm_resource_group.myapp",
            "azurerm_virtual_network.myapp-1-Vnet",
            "azurerm_virtual_network.myapp-2-Vnet"
          ]
        }
      ]
    }
  ],
  "check_results": []
}
